
Microsoft Visual Studio Solution File, Format Version 12.00
# Visual Studio Version 16
VisualStudioVersion = 16.0.31112.23
MinimumVisualStudioVersion = 10.0.40219.1
Project("{9A19103F-16F7-4668-BE54-9A1E7A4F7556}") = "SocialNetwork", "ResgistrationSystem\SocialNetwork.csproj", "{487C2921-2466-4F13-9CC9-13371DC31961}"
EndProject
Global
	GlobalSection(SolutionConfigurationPlatforms) = preSolution
		Debug|Any CPU = Debug|Any CPU
		Release|Any CPU = Release|Any CPU
	EndGlobalSection
	GlobalSection(ProjectConfigurationPlatforms) = postSolution
		{487C2921-2466-4F13-9CC9-13371DC31961}.Debug|Any CPU.ActiveCfg = Debug|Any CPU
		{487C2921-2466-4F13-9CC9-13371DC31961}.Debug|Any CPU.Build.0 = Debug|Any CPU
		{487C2921-2466-4F13-9CC9-13371DC31961}.Release|Any CPU.ActiveCfg = Release|Any CPU
		{487C2921-2466-4F13-9CC9-13371DC31961}.Release|Any CPU.Build.0 = Release|Any CPU
	EndGlobalSection
	GlobalSection(SolutionProperties) = preSolution
		HideSolutionNode = FALSE
	EndGlobalSection
	GlobalSection(ExtensibilityGlobals) = postSolution
		SolutionGuid = {B789405B-64DA-4684-BACB-606A9F92195E}
	EndGlobalSection
EndGlobal
